
Microsoft Visual Studio Solution File, Format Version 12.00
# Visual Studio Version 17
VisualStudioVersion = 17.1.31903.286
MinimumVisualStudioVersion = 10.0.40219.1
Project("{FAE04EC0-301F-11D3-BF4B-00C04F79EFBC}") = "Lect7.Android", "Lect7\Lect7.Android\Lect7.Android.csproj", "{7DD6E5E5-4D0A-4C86-A0FA-48C7EDB2CFE4}"
EndProject
Project("{FAE04EC0-301F-11D3-BF4B-00C04F79EFBC}") = "Lect7.iOS", "Lect7\Lect7.iOS\Lect7.iOS.csproj", "{72F0026E-3318-446E-90CD-1F35E1DF6386}"
EndProject
Project("{FAE04EC0-301F-11D3-BF4B-00C04F79EFBC}") = "Lect7", "Lect7\Lect7\Lect7.csproj", "{C1E7AFFB-4489-4C11-BFCB-7114219415AD}"
EndProject
Global
	GlobalSection(SolutionConfigurationPlatforms) = preSolution
		Debug|Any CPU = Debug|Any CPU
		Debug|iPhone = Debug|iPhone
		Debug|iPhoneSimulator = Debug|iPhoneSimulator
		Release|Any CPU = Release|Any CPU
		Release|iPhone = Release|iPhone
		Release|iPhoneSimulator = Release|iPhoneSimulator
	EndGlobalSection
	GlobalSection(ProjectConfigurationPlatforms) = postSolution
		{7DD6E5E5-4D0A-4C86-A0FA-48C7EDB2CFE4}.Debug|Any CPU.ActiveCfg = Debug|Any CPU
		{7DD6E5E5-4D0A-4C86-A0FA-48C7EDB2CFE4}.Debug|Any CPU.Build.0 = Debug|Any CPU
		{7DD6E5E5-4D0A-4C86-A0FA-48C7EDB2CFE4}.Debug|Any CPU.Deploy.0 = Debug|Any CPU
		{7DD6E5E5-4D0A-4C86-A0FA-48C7EDB2CFE4}.Debug|iPhone.ActiveCfg = Debug|Any CPU
		{7DD6E5E5-4D0A-4C86-A0FA-48C7EDB2CFE4}.Debug|iPhone.Build.0 = Debug|Any CPU
		{7DD6E5E5-4D0A-4C86-A0FA-48C7EDB2CFE4}.Debug|iPhone.Deploy.0 = Debug|Any CPU
		{7DD6E5E5-4D0A-4C86-A0FA-48C7EDB2CFE4}.Debug|iPhoneSimulator.ActiveCfg = Debug|Any CPU
		{7DD6E5E5-4D0A-4C86-A0FA-48C7EDB2CFE4}.Debug|iPhoneSimulator.Build.0 = Debug|Any CPU
		{7DD6E5E5-4D0A-4C86-A0FA-48C7EDB2CFE4}.Debug|iPhoneSimulator.Deploy.0 = Debug|Any CPU
		{7DD6E5E5-4D0A-4C86-A0FA-48C7EDB2CFE4}.Release|Any CPU.ActiveCfg = Release|Any CPU
		{7DD6E5E5-4D0A-4C86-A0FA-48C7EDB2CFE4}.Release|Any CPU.Build.0 = Release|Any CPU
		{7DD6E5E5-4D0A-4C86-A0FA-48C7EDB2CFE4}.Release|Any CPU.Deploy.0 = Release|Any CPU
		{7DD6E5E5-4D0A-4C86-A0FA-48C7EDB2CFE4}.Release|iPhone.ActiveCfg = Release|Any CPU
		{7DD6E5E5-4D0A-4C86-A0FA-48C7EDB2CFE4}.Release|iPhone.Build.0 = Release|Any CPU
		{7DD6E5E5-4D0A-4C86-A0FA-48C7EDB2CFE4}.Release|iPhone.Deploy.0 = Release|Any CPU
		{7DD6E5E5-4D0A-4C86-A0FA-48C7EDB2CFE4}.Release|iPhoneSimulator.ActiveCfg = Release|Any CPU
		{7DD6E5E5-4D0A-4C86-A0FA-48C7EDB2CFE4}.Release|iPhoneSimulator.Build.0 = Release|Any CPU
		{7DD6E5E5-4D0A-4C86-A0FA-48C7EDB2CFE4}.Release|iPhoneSimulator.Deploy.0 = Release|Any CPU
		{72F0026E-3318-446E-90CD-1F35E1DF6386}.Debug|Any CPU.ActiveCfg = Debug|iPhone
		{72F0026E-3318-446E-90CD-1F35E1DF6386}.Debug|Any CPU.Build.0 = Debug|iPhone
		{72F0026E-3318-446E-90CD-1F35E1DF6386}.Debug|Any CPU.Deploy.0 = Debug|iPhone
		{72F0026E-3318-446E-90CD-1F35E1DF6386}.Debug|iPhone.ActiveCfg = Debug|iPhone
		{72F0026E-3318-446E-90CD-1F35E1DF6386}.Debug|iPhone.Build.0 = Debug|iPhone
		{72F0026E-3318-446E-90CD-1F35E1DF6386}.Debug|iPhone.Deploy.0 = Debug|iPhone
		{72F0026E-3318-446E-90CD-1F35E1DF6386}.Debug|iPhoneSimulator.ActiveCfg = Debug|iPhoneSimulator
		{72F0026E-3318-446E-90CD-1F35E1DF6386}.Debug|iPhoneSimulator.Build.0 = Debug|iPhoneSimulator
		{72F0026E-3318-446E-90CD-1F35E1DF6386}.Debug|iPhoneSimulator.Deploy.0 = Debug|iPhoneSimulator
		{72F0026E-3318-446E-90CD-1F35E1DF6386}.Release|Any CPU.ActiveCfg = Release|iPhoneSimulator
		{72F0026E-3318-446E-90CD-1F35E1DF6386}.Release|Any CPU.Build.0 = Release|iPhoneSimulator
		{72F0026E-3318-446E-90CD-1F35E1DF6386}.Release|Any CPU.Deploy.0 = Release|iPhoneSimulator
		{72F0026E-3318-446E-90CD-1F35E1DF6386}.Release|iPhone.ActiveCfg = Release|iPhone
		{72F0026E-3318-446E-90CD-1F35E1DF6386}.Release|iPhone.Build.0 = Release|iPhone
		{72F0026E-3318-446E-90CD-1F35E1DF6386}.Release|iPhone.Deploy.0 = Release|iPhone
		{72F0026E-3318-446E-90CD-1F35E1DF6386}.Release|iPhoneSimulator.ActiveCfg = Release|iPhoneSimulator
		{72F0026E-3318-446E-90CD-1F35E1DF6386}.Release|iPhoneSimulator.Build.0 = Release|iPhoneSimulator
		{72F0026E-3318-446E-90CD-1F35E1DF6386}.Release|iPhoneSimulator.Deploy.0 = Release|iPhoneSimulator
		{C1E7AFFB-4489-4C11-BFCB-7114219415AD}.Debug|Any CPU.ActiveCfg = Debug|Any CPU
		{C1E7AFFB-4489-4C11-BFCB-7114219415AD}.Debug|Any CPU.Build.0 = Debug|Any CPU
		{C1E7AFFB-4489-4C11-BFCB-7114219415AD}.Debug|Any CPU.Deploy.0 = Debug|Any CPU
		{C1E7AFFB-4489-4C11-BFCB-7114219415AD}.Debug|iPhone.ActiveCfg = Debug|Any CPU
		{C1E7AFFB-4489-4C11-BFCB-7114219415AD}.Debug|iPhone.Build.0 = Debug|Any CPU
		{C1E7AFFB-4489-4C11-BFCB-7114219415AD}.Debug|iPhone.Deploy.0 = Debug|Any CPU
		{C1E7AFFB-4489-4C11-BFCB-7114219415AD}.Debug|iPhoneSimulator.ActiveCfg = Debug|Any CPU
		{C1E7AFFB-4489-4C11-BFCB-7114219415AD}.Debug|iPhoneSimulator.Build.0 = Debug|Any CPU
		{C1E7AFFB-4489-4C11-BFCB-7114219415AD}.Debug|iPhoneSimulator.Deploy.0 = Debug|Any CPU
		{C1E7AFFB-4489-4C11-BFCB-7114219415AD}.Release|Any CPU.ActiveCfg = Release|Any CPU
		{C1E7AFFB-4489-4C11-BFCB-7114219415AD}.Release|Any CPU.Build.0 = Release|Any CPU
		{C1E7AFFB-4489-4C11-BFCB-7114219415AD}.Release|Any CPU.Deploy.0 = Release|Any CPU
		{C1E7AFFB-4489-4C11-BFCB-7114219415AD}.Release|iPhone.ActiveCfg = Release|Any CPU
		{C1E7AFFB-4489-4C11-BFCB-7114219415AD}.Release|iPhone.Build.0 = Release|Any CPU
		{C1E7AFFB-4489-4C11-BFCB-7114219415AD}.Release|iPhone.Deploy.0 = Release|Any CPU
		{C1E7AFFB-4489-4C11-BFCB-7114219415AD}.Release|iPhoneSimulator.ActiveCfg = Release|Any CPU
		{C1E7AFFB-4489-4C11-BFCB-7114219415AD}.Release|iPhoneSimulator.Build.0 = Release|Any CPU
		{C1E7AFFB-4489-4C11-BFCB-7114219415AD}.Release|iPhoneSimulator.Deploy.0 = Release|Any CPU
	EndGlobalSection
	GlobalSection(SolutionProperties) = preSolution
		HideSolutionNode = FALSE
	EndGlobalSection
	GlobalSection(ExtensibilityGlobals) = postSolution
		SolutionGuid = {960BA1A1-3E14-435C-B0BF-D7F9EABAD9BC}
	EndGlobalSection
EndGlobal
